
Microsoft Visual Studio Solution File, Format Version 12.00
# Visual Studio 2013
VisualStudioVersion = 12.0.31101.0
MinimumVisualStudioVersion = 10.0.40219.1
Project("{FAE04EC0-301F-11D3-BF4B-00C04F79EFBC}") = "ProspectsAPI", "ProspectsAPI\ProspectsAPI.csproj", "{5A48AF70-7CE2-4F61-BE72-B02BEE8C517E}"
EndProject
Project("{FAE04EC0-301F-11D3-BF4B-00C04F79EFBC}") = "ProspectsAPI.Tests", "ProspectsAPI.Tests\ProspectsAPI.Tests.csproj", "{68D93667-3562-472D-8733-DF3A0E0D2888}"
EndProject
Global
	GlobalSection(SolutionConfigurationPlatforms) = preSolution
		Debug|Any CPU = Debug|Any CPU
		Release|Any CPU = Release|Any CPU
	EndGlobalSection
	GlobalSection(ProjectConfigurationPlatforms) = postSolution
		{5A48AF70-7CE2-4F61-BE72-B02BEE8C517E}.Debug|Any CPU.ActiveCfg = Debug|Any CPU
		{5A48AF70-7CE2-4F61-BE72-B02BEE8C517E}.Debug|Any CPU.Build.0 = Debug|Any CPU
		{5A48AF70-7CE2-4F61-BE72-B02BEE8C517E}.Release|Any CPU.ActiveCfg = Release|Any CPU
		{5A48AF70-7CE2-4F61-BE72-B02BEE8C517E}.Release|Any CPU.Build.0 = Release|Any CPU
		{68D93667-3562-472D-8733-DF3A0E0D2888}.Debug|Any CPU.ActiveCfg = Debug|Any CPU
		{68D93667-3562-472D-8733-DF3A0E0D2888}.Debug|Any CPU.Build.0 = Debug|Any CPU
		{68D93667-3562-472D-8733-DF3A0E0D2888}.Release|Any CPU.ActiveCfg = Release|Any CPU
		{68D93667-3562-472D-8733-DF3A0E0D2888}.Release|Any CPU.Build.0 = Release|Any CPU
	EndGlobalSection
	GlobalSection(SolutionProperties) = preSolution
		HideSolutionNode = FALSE
	EndGlobalSection
EndGlobal
